
Microsoft Visual Studio Solution File, Format Version 12.00
# Visual Studio Version 16
VisualStudioVersion = 16.0.29806.167
MinimumVisualStudioVersion = 10.0.40219.1
Project("{FAE04EC0-301F-11D3-BF4B-00C04F79EFBC}") = "PriGeneration", "PriGeneration\PriGeneration.csproj", "{007AF160-704A-4D05-B0CA-2E1EE1918C01}"
EndProject
Project("{9A19103F-16F7-4668-BE54-9A1E7A4F7556}") = "ClassLibrary1", "ClassLibrary1\ClassLibrary1.csproj", "{305567DA-027A-401E-9323-9F2982DBDD30}"
EndProject
Project("{FAE04EC0-301F-11D3-BF4B-00C04F79EFBC}") = "ClassLibrary2", "ClassLibrary2\ClassLibrary2.csproj", "{785D6CBA-E409-47E0-B4A7-C92A0402BA7B}"
EndProject
Global
	GlobalSection(SolutionConfigurationPlatforms) = preSolution
		Debug|Any CPU = Debug|Any CPU
		Debug|ARM = Debug|ARM
		Debug|ARM64 = Debug|ARM64
		Debug|x64 = Debug|x64
		Debug|x86 = Debug|x86
		Release|Any CPU = Release|Any CPU
		Release|ARM = Release|ARM
		Release|ARM64 = Release|ARM64
		Release|x64 = Release|x64
		Release|x86 = Release|x86
	EndGlobalSection
	GlobalSection(ProjectConfigurationPlatforms) = postSolution
		{007AF160-704A-4D05-B0CA-2E1EE1918C01}.Debug|Any CPU.ActiveCfg = Debug|x86
		{007AF160-704A-4D05-B0CA-2E1EE1918C01}.Debug|ARM.ActiveCfg = Debug|ARM
		{007AF160-704A-4D05-B0CA-2E1EE1918C01}.Debug|ARM.Build.0 = Debug|ARM
		{007AF160-704A-4D05-B0CA-2E1EE1918C01}.Debug|ARM.Deploy.0 = Debug|ARM
		{007AF160-704A-4D05-B0CA-2E1EE1918C01}.Debug|ARM64.ActiveCfg = Debug|ARM64
		{007AF160-704A-4D05-B0CA-2E1EE1918C01}.Debug|ARM64.Build.0 = Debug|ARM64
		{007AF160-704A-4D05-B0CA-2E1EE1918C01}.Debug|ARM64.Deploy.0 = Debug|ARM64
		{007AF160-704A-4D05-B0CA-2E1EE1918C01}.Debug|x64.ActiveCfg = Debug|x64
		{007AF160-704A-4D05-B0CA-2E1EE1918C01}.Debug|x64.Build.0 = Debug|x64
		{007AF160-704A-4D05-B0CA-2E1EE1918C01}.Debug|x64.Deploy.0 = Debug|x64
		{007AF160-704A-4D05-B0CA-2E1EE1918C01}.Debug|x86.ActiveCfg = Debug|x86
		{007AF160-704A-4D05-B0CA-2E1EE1918C01}.Debug|x86.Build.0 = Debug|x86
		{007AF160-704A-4D05-B0CA-2E1EE1918C01}.Debug|x86.Deploy.0 = Debug|x86
		{007AF160-704A-4D05-B0CA-2E1EE1918C01}.Release|Any CPU.ActiveCfg = Release|x86
		{007AF160-704A-4D05-B0CA-2E1EE1918C01}.Release|ARM.ActiveCfg = Release|ARM
		{007AF160-704A-4D05-B0CA-2E1EE1918C01}.Release|ARM.Build.0 = Release|ARM
		{007AF160-704A-4D05-B0CA-2E1EE1918C01}.Release|ARM.Deploy.0 = Release|ARM
		{007AF160-704A-4D05-B0CA-2E1EE1918C01}.Release|ARM64.ActiveCfg = Release|ARM64
		{007AF160-704A-4D05-B0CA-2E1EE1918C01}.Release|ARM64.Build.0 = Release|ARM64
		{007AF160-704A-4D05-B0CA-2E1EE1918C01}.Release|ARM64.Deploy.0 = Release|ARM64
		{007AF160-704A-4D05-B0CA-2E1EE1918C01}.Release|x64.ActiveCfg = Release|x64
		{007AF160-704A-4D05-B0CA-2E1EE1918C01}.Release|x64.Build.0 = Release|x64
		{007AF160-704A-4D05-B0CA-2E1EE1918C01}.Release|x64.Deploy.0 = Release|x64
		{007AF160-704A-4D05-B0CA-2E1EE1918C01}.Release|x86.ActiveCfg = Release|x86
		{007AF160-704A-4D05-B0CA-2E1EE1918C01}.Release|x86.Build.0 = Release|x86
		{007AF160-704A-4D05-B0CA-2E1EE1918C01}.Release|x86.Deploy.0 = Release|x86
		{305567DA-027A-401E-9323-9F2982DBDD30}.Debug|Any CPU.ActiveCfg = Debug|Any CPU
		{305567DA-027A-401E-9323-9F2982DBDD30}.Debug|Any CPU.Build.0 = Debug|Any CPU
		{305567DA-027A-401E-9323-9F2982DBDD30}.Debug|ARM.ActiveCfg = Debug|Any CPU
		{305567DA-027A-401E-9323-9F2982DBDD30}.Debug|ARM.Build.0 = Debug|Any CPU
		{305567DA-027A-401E-9323-9F2982DBDD30}.Debug|ARM64.ActiveCfg = Debug|Any CPU
		{305567DA-027A-401E-9323-9F2982DBDD30}.Debug|ARM64.Build.0 = Debug|Any CPU
		{305567DA-027A-401E-9323-9F2982DBDD30}.Debug|x64.ActiveCfg = Debug|Any CPU
		{305567DA-027A-401E-9323-9F2982DBDD30}.Debug|x64.Build.0 = Debug|Any CPU
		{305567DA-027A-401E-9323-9F2982DBDD30}.Debug|x86.ActiveCfg = Debug|Any CPU
		{305567DA-027A-401E-9323-9F2982DBDD30}.Debug|x86.Build.0 = Debug|Any CPU
		{305567DA-027A-401E-9323-9F2982DBDD30}.Release|Any CPU.ActiveCfg = Release|Any CPU
		{305567DA-027A-401E-9323-9F2982DBDD30}.Release|Any CPU.Build.0 = Release|Any CPU
		{305567DA-027A-401E-9323-9F2982DBDD30}.Release|ARM.ActiveCfg = Release|Any CPU
		{305567DA-027A-401E-9323-9F2982DBDD30}.Release|ARM.Build.0 = Release|Any CPU
		{305567DA-027A-401E-9323-9F2982DBDD30}.Release|ARM64.ActiveCfg = Release|Any CPU
		{305567DA-027A-401E-9323-9F2982DBDD30}.Release|ARM64.Build.0 = Release|Any CPU
		{305567DA-027A-401E-9323-9F2982DBDD30}.Release|x64.ActiveCfg = Release|Any CPU
		{305567DA-027A-401E-9323-9F2982DBDD30}.Release|x64.Build.0 = Release|Any CPU
		{305567DA-027A-401E-9323-9F2982DBDD30}.Release|x86.ActiveCfg = Release|Any CPU
		{305567DA-027A-401E-9323-9F2982DBDD30}.Release|x86.Build.0 = Release|Any CPU
		{785D6CBA-E409-47E0-B4A7-C92A0402BA7B}.Debug|Any CPU.ActiveCfg = Debug|Any CPU
		{785D6CBA-E409-47E0-B4A7-C92A0402BA7B}.Debug|Any CPU.Build.0 = Debug|Any CPU
		{785D6CBA-E409-47E0-B4A7-C92A0402BA7B}.Debug|ARM.ActiveCfg = Debug|Any CPU
		{785D6CBA-E409-47E0-B4A7-C92A0402BA7B}.Debug|ARM.Build.0 = Debug|Any CPU
		{785D6CBA-E409-47E0-B4A7-C92A0402BA7B}.Debug|ARM64.ActiveCfg = Debug|Any CPU
		{785D6CBA-E409-47E0-B4A7-C92A0402BA7B}.Debug|ARM64.Build.0 = Debug|Any CPU
		{785D6CBA-E409-47E0-B4A7-C92A0402BA7B}.Debug|x64.ActiveCfg = Debug|Any CPU
		{785D6CBA-E409-47E0-B4A7-C92A0402BA7B}.Debug|x64.Build.0 = Debug|Any CPU
		{785D6CBA-E409-47E0-B4A7-C92A0402BA7B}.Debug|x86.ActiveCfg = Debug|Any CPU
		{785D6CBA-E409-47E0-B4A7-C92A0402BA7B}.Debug|x86.Build.0 = Debug|Any CPU
		{785D6CBA-E409-47E0-B4A7-C92A0402BA7B}.Release|Any CPU.ActiveCfg = Release|Any CPU
		{785D6CBA-E409-47E0-B4A7-C92A0402BA7B}.Release|Any CPU.Build.0 = Release|Any CPU
		{785D6CBA-E409-47E0-B4A7-C92A0402BA7B}.Release|ARM.ActiveCfg = Release|Any CPU
		{785D6CBA-E409-47E0-B4A7-C92A0402BA7B}.Release|ARM.Build.0 = Release|Any CPU
		{785D6CBA-E409-47E0-B4A7-C92A0402BA7B}.Release|ARM64.ActiveCfg = Release|Any CPU
		{785D6CBA-E409-47E0-B4A7-C92A0402BA7B}.Release|ARM64.Build.0 = Release|Any CPU
		{785D6CBA-E409-47E0-B4A7-C92A0402BA7B}.Release|x64.ActiveCfg = Release|Any CPU
		{785D6CBA-E409-47E0-B4A7-C92A0402BA7B}.Release|x64.Build.0 = Release|Any CPU
		{785D6CBA-E409-47E0-B4A7-C92A0402BA7B}.Release|x86.ActiveCfg = Release|Any CPU
		{785D6CBA-E409-47E0-B4A7-C92A0402BA7B}.Release|x86.Build.0 = Release|Any CPU
	EndGlobalSection
	GlobalSection(SolutionProperties) = preSolution
		HideSolutionNode = FALSE
	EndGlobalSection
	GlobalSection(ExtensibilityGlobals) = postSolution
		SolutionGuid = {BFA8C0FB-2D04-4475-A9B1-F73C922AFC3F}
	EndGlobalSection
EndGlobal
